
Microsoft Visual Studio Solution File, Format Version 12.00
# Visual Studio Version 17
VisualStudioVersion = 17.5.33414.496
MinimumVisualStudioVersion = 10.0.40219.1
Project("{FAE04EC0-301F-11D3-BF4B-00C04F79EFBC}") = "坐不住", "Reminder\坐不住.csproj", "{90E555B9-A8FA-45DC-A452-5CD7C0220EAC}"
EndProject
Project("{54435603-DBB4-11D2-8724-00A0C9A8B90C}") = "坐不住Setup1", "坐不住Setup1\坐不住Setup1.vdproj", "{91940BBF-B39D-4C1F-A94C-611A5EBB1938}"
EndProject
Global
	GlobalSection(SolutionConfigurationPlatforms) = preSolution
		Debug|Any CPU = Debug|Any CPU
		Release|Any CPU = Release|Any CPU
	EndGlobalSection
	GlobalSection(ProjectConfigurationPlatforms) = postSolution
		{90E555B9-A8FA-45DC-A452-5CD7C0220EAC}.Debug|Any CPU.ActiveCfg = Debug|Any CPU
		{90E555B9-A8FA-45DC-A452-5CD7C0220EAC}.Debug|Any CPU.Build.0 = Debug|Any CPU
		{90E555B9-A8FA-45DC-A452-5CD7C0220EAC}.Release|Any CPU.ActiveCfg = Release|Any CPU
		{90E555B9-A8FA-45DC-A452-5CD7C0220EAC}.Release|Any CPU.Build.0 = Release|Any CPU
		{91940BBF-B39D-4C1F-A94C-611A5EBB1938}.Debug|Any CPU.ActiveCfg = Debug
		{91940BBF-B39D-4C1F-A94C-611A5EBB1938}.Release|Any CPU.ActiveCfg = Release
	EndGlobalSection
	GlobalSection(SolutionProperties) = preSolution
		HideSolutionNode = FALSE
	EndGlobalSection
	GlobalSection(ExtensibilityGlobals) = postSolution
		SolutionGuid = {01F0DF6B-C3ED-4C46-9628-C6D0507638FE}
	EndGlobalSection
EndGlobal
